
Microsoft Visual Studio Solution File, Format Version 12.00
# Visual Studio Version 17
VisualStudioVersion = 17.9.34622.214
MinimumVisualStudioVersion = 10.0.40219.1
Project("{FAE04EC0-301F-11D3-BF4B-00C04F79EFBC}") = "IndiceDeMasaCorporal.ConsoleApp", "IndiceDeMasaCorporal.ConsoleApp\IndiceDeMasaCorporal.ConsoleApp.csproj", "{79A84E65-EAA3-4B79-BE99-0834F96A2390}"
EndProject
Project("{FAE04EC0-301F-11D3-BF4B-00C04F79EFBC}") = "IndiceDeMasaCorporal.CalculadoraImc", "IndiceDeMasaCorporal.CalculadoraImc\IndiceDeMasaCorporal.CalculadoraImc.csproj", "{CBECB91F-1566-4483-B1E6-72AE45B4A1D1}"
EndProject
Global
	GlobalSection(SolutionConfigurationPlatforms) = preSolution
		Debug|Any CPU = Debug|Any CPU
		Release|Any CPU = Release|Any CPU
	EndGlobalSection
	GlobalSection(ProjectConfigurationPlatforms) = postSolution
		{79A84E65-EAA3-4B79-BE99-0834F96A2390}.Debug|Any CPU.ActiveCfg = Debug|Any CPU
		{79A84E65-EAA3-4B79-BE99-0834F96A2390}.Debug|Any CPU.Build.0 = Debug|Any CPU
		{79A84E65-EAA3-4B79-BE99-0834F96A2390}.Release|Any CPU.ActiveCfg = Release|Any CPU
		{79A84E65-EAA3-4B79-BE99-0834F96A2390}.Release|Any CPU.Build.0 = Release|Any CPU
		{CBECB91F-1566-4483-B1E6-72AE45B4A1D1}.Debug|Any CPU.ActiveCfg = Debug|Any CPU
		{CBECB91F-1566-4483-B1E6-72AE45B4A1D1}.Debug|Any CPU.Build.0 = Debug|Any CPU
		{CBECB91F-1566-4483-B1E6-72AE45B4A1D1}.Release|Any CPU.ActiveCfg = Release|Any CPU
		{CBECB91F-1566-4483-B1E6-72AE45B4A1D1}.Release|Any CPU.Build.0 = Release|Any CPU
	EndGlobalSection
	GlobalSection(SolutionProperties) = preSolution
		HideSolutionNode = FALSE
	EndGlobalSection
	GlobalSection(ExtensibilityGlobals) = postSolution
		SolutionGuid = {5212C2EA-0CDA-47B8-8D7F-151D33290E27}
	EndGlobalSection
EndGlobal
